
Microsoft Visual Studio Solution File, Format Version 12.00
# Visual Studio Version 16
VisualStudioVersion = 16.0.30621.155
MinimumVisualStudioVersion = 10.0.40219.1
Project("{9A19103F-16F7-4668-BE54-9A1E7A4F7556}") = "Lab04", "..\..\..\source\repos\Lab04_EDI\Lab04\Lab04.csproj", "{B4C5584F-24FA-4646-AB4F-FA8DC9F0BB0C}"
EndProject
Project("{9A19103F-16F7-4668-BE54-9A1E7A4F7556}") = "THash", "..\..\..\source\repos\Lab04_EDI\THash\THash.csproj", "{A7721EB9-EF5D-4216-B813-7D8F45B11A34}"
EndProject
Project("{9A19103F-16F7-4668-BE54-9A1E7A4F7556}") = "Arbol", "Arbol\Arbol.csproj", "{B40C2A16-7933-40FD-92DF-969E233FC629}"
EndProject
Global
	GlobalSection(SolutionConfigurationPlatforms) = preSolution
		Debug|Any CPU = Debug|Any CPU
		Release|Any CPU = Release|Any CPU
	EndGlobalSection
	GlobalSection(ProjectConfigurationPlatforms) = postSolution
		{B4C5584F-24FA-4646-AB4F-FA8DC9F0BB0C}.Debug|Any CPU.ActiveCfg = Debug|Any CPU
		{B4C5584F-24FA-4646-AB4F-FA8DC9F0BB0C}.Debug|Any CPU.Build.0 = Debug|Any CPU
		{B4C5584F-24FA-4646-AB4F-FA8DC9F0BB0C}.Release|Any CPU.ActiveCfg = Release|Any CPU
		{B4C5584F-24FA-4646-AB4F-FA8DC9F0BB0C}.Release|Any CPU.Build.0 = Release|Any CPU
		{A7721EB9-EF5D-4216-B813-7D8F45B11A34}.Debug|Any CPU.ActiveCfg = Debug|Any CPU
		{A7721EB9-EF5D-4216-B813-7D8F45B11A34}.Debug|Any CPU.Build.0 = Debug|Any CPU
		{A7721EB9-EF5D-4216-B813-7D8F45B11A34}.Release|Any CPU.ActiveCfg = Release|Any CPU
		{A7721EB9-EF5D-4216-B813-7D8F45B11A34}.Release|Any CPU.Build.0 = Release|Any CPU
		{B40C2A16-7933-40FD-92DF-969E233FC629}.Debug|Any CPU.ActiveCfg = Debug|Any CPU
		{B40C2A16-7933-40FD-92DF-969E233FC629}.Debug|Any CPU.Build.0 = Debug|Any CPU
		{B40C2A16-7933-40FD-92DF-969E233FC629}.Release|Any CPU.ActiveCfg = Release|Any CPU
		{B40C2A16-7933-40FD-92DF-969E233FC629}.Release|Any CPU.Build.0 = Release|Any CPU
	EndGlobalSection
	GlobalSection(SolutionProperties) = preSolution
		HideSolutionNode = FALSE
	EndGlobalSection
	GlobalSection(ExtensibilityGlobals) = postSolution
		SolutionGuid = {7E6C1EA9-35D7-423D-AC53-A1CCDE589C86}
	EndGlobalSection
EndGlobal
