
Microsoft Visual Studio Solution File, Format Version 12.00
# Visual Studio Version 16
VisualStudioVersion = 16.0.30621.155
MinimumVisualStudioVersion = 10.0.40219.1
Project("{9A19103F-16F7-4668-BE54-9A1E7A4F7556}") = "Lab04_EDI", "Lab04_EDI\Lab04_EDI.csproj", "{08901446-5D11-4437-8437-720B6BBF56E2}"
EndProject
Project("{9A19103F-16F7-4668-BE54-9A1E7A4F7556}") = "THash", "THash\THash.csproj", "{115E6F34-5BCD-4EDA-A9EC-DF6995E61EDA}"
EndProject
Project("{9A19103F-16F7-4668-BE54-9A1E7A4F7556}") = "Arbol", "Arbol\Arbol.csproj", "{9F15368A-BCF1-4F2C-B91E-EAB7E1BC0722}"
EndProject
Project("{9A19103F-16F7-4668-BE54-9A1E7A4F7556}") = "ListaDobleEnlace", "ListaDobleEnlace\ListaDobleEnlace.csproj", "{6EE32999-3454-4265-86B2-549BAAA71C43}"
EndProject
Global
	GlobalSection(SolutionConfigurationPlatforms) = preSolution
		Debug|Any CPU = Debug|Any CPU
		Release|Any CPU = Release|Any CPU
	EndGlobalSection
	GlobalSection(ProjectConfigurationPlatforms) = postSolution
		{08901446-5D11-4437-8437-720B6BBF56E2}.Debug|Any CPU.ActiveCfg = Debug|Any CPU
		{08901446-5D11-4437-8437-720B6BBF56E2}.Debug|Any CPU.Build.0 = Debug|Any CPU
		{08901446-5D11-4437-8437-720B6BBF56E2}.Release|Any CPU.ActiveCfg = Release|Any CPU
		{08901446-5D11-4437-8437-720B6BBF56E2}.Release|Any CPU.Build.0 = Release|Any CPU
		{115E6F34-5BCD-4EDA-A9EC-DF6995E61EDA}.Debug|Any CPU.ActiveCfg = Debug|Any CPU
		{115E6F34-5BCD-4EDA-A9EC-DF6995E61EDA}.Debug|Any CPU.Build.0 = Debug|Any CPU
		{115E6F34-5BCD-4EDA-A9EC-DF6995E61EDA}.Release|Any CPU.ActiveCfg = Release|Any CPU
		{115E6F34-5BCD-4EDA-A9EC-DF6995E61EDA}.Release|Any CPU.Build.0 = Release|Any CPU
		{9F15368A-BCF1-4F2C-B91E-EAB7E1BC0722}.Debug|Any CPU.ActiveCfg = Debug|Any CPU
		{9F15368A-BCF1-4F2C-B91E-EAB7E1BC0722}.Debug|Any CPU.Build.0 = Debug|Any CPU
		{9F15368A-BCF1-4F2C-B91E-EAB7E1BC0722}.Release|Any CPU.ActiveCfg = Release|Any CPU
		{9F15368A-BCF1-4F2C-B91E-EAB7E1BC0722}.Release|Any CPU.Build.0 = Release|Any CPU
		{6EE32999-3454-4265-86B2-549BAAA71C43}.Debug|Any CPU.ActiveCfg = Debug|Any CPU
		{6EE32999-3454-4265-86B2-549BAAA71C43}.Debug|Any CPU.Build.0 = Debug|Any CPU
		{6EE32999-3454-4265-86B2-549BAAA71C43}.Release|Any CPU.ActiveCfg = Release|Any CPU
		{6EE32999-3454-4265-86B2-549BAAA71C43}.Release|Any CPU.Build.0 = Release|Any CPU
	EndGlobalSection
	GlobalSection(SolutionProperties) = preSolution
		HideSolutionNode = FALSE
	EndGlobalSection
	GlobalSection(ExtensibilityGlobals) = postSolution
		SolutionGuid = {7E6C1EA9-35D7-423D-AC53-A1CCDE589C86}
	EndGlobalSection
EndGlobal
